// !$*UTF8*$!
{
	archiveVersion = 1;
	classes = {
	};
	objectVersion = 70;
	objects = {

/* Begin PBXBuildFile section */
		DEE50AFC2CF33E6A004E53C2 /* WWRoundedSegmentedControl in Frameworks */ = {isa = PBXBuildFile; productRef = DEE50AFB2CF33E6A004E53C2 /* WWRoundedSegmentedControl */; };
		DEE511002CFB664F004E53C2 /* SkeletonView in Frameworks */ = {isa = PBXBuildFile; productRef = DEE510FF2CFB664F004E53C2 /* SkeletonView */; };
		F1912BE82CE7A33C00F90E9C /* SnapKit in Frameworks */ = {isa = PBXBuildFile; productRef = F1912BE72CE7A33C00F90E9C /* SnapKit */; };
		F1A81B9D2CF22069004F3365 /* FirebaseAuth in Frameworks */ = {isa = PBXBuildFile; productRef = F1A81B9C2CF22069004F3365 /* FirebaseAuth */; };
		F1A81B9F2CF22069004F3365 /* FirebaseCore in Frameworks */ = {isa = PBXBuildFile; productRef = F1A81B9E2CF22069004F3365 /* FirebaseCore */; };
		F1A81BA12CF22069004F3365 /* FirebaseFirestore in Frameworks */ = {isa = PBXBuildFile; productRef = F1A81BA02CF22069004F3365 /* FirebaseFirestore */; };
		F1A81BA32CF22069004F3365 /* FirebaseStorage in Frameworks */ = {isa = PBXBuildFile; productRef = F1A81BA22CF22069004F3365 /* FirebaseStorage */; };
		F1A81BB12CF35381004F3365 /* FirebaseDatabase in Frameworks */ = {isa = PBXBuildFile; productRef = F1A81BB02CF35381004F3365 /* FirebaseDatabase */; };
		F1C57A882CF69F4F00E954FB /* GoogleSignIn in Frameworks */ = {isa = PBXBuildFile; productRef = F1C57A872CF69F4F00E954FB /* GoogleSignIn */; };
		F1E4F47B2CEA750C00A237AD /* Kingfisher in Frameworks */ = {isa = PBXBuildFile; productRef = F1E4F47A2CEA750C00A237AD /* Kingfisher */; };
/* End PBXBuildFile section */

/* Begin PBXFileReference section */
		F1912BC92CE7784500F90E9C /* EventHub.app */ = {isa = PBXFileReference; explicitFileType = wrapper.application; includeInIndex = 0; path = EventHub.app; sourceTree = BUILT_PRODUCTS_DIR; };
/* End PBXFileReference section */

/* Begin PBXFileSystemSynchronizedBuildFileExceptionSet section */
		F1912BDB2CE7784700F90E9C /* PBXFileSystemSynchronizedBuildFileExceptionSet */ = {
			isa = PBXFileSystemSynchronizedBuildFileExceptionSet;
			membershipExceptions = (
				Info.plist,
			);
			target = F1912BC82CE7784500F90E9C /* EventHub */;
		};
/* End PBXFileSystemSynchronizedBuildFileExceptionSet section */

/* Begin PBXFileSystemSynchronizedRootGroup section */
		F1912BCB2CE7784500F90E9C /* EventHub */ = {isa = PBXFileSystemSynchronizedRootGroup; exceptions = (F1912BDB2CE7784700F90E9C /* PBXFileSystemSynchronizedBuildFileExceptionSet */, ); explicitFileTypes = {}; explicitFolders = (); path = EventHub; sourceTree = "<group>"; };
/* End PBXFileSystemSynchronizedRootGroup section */

/* Begin PBXFrameworksBuildPhase section */
		F1912BC62CE7784500F90E9C /* Frameworks */ = {
			isa = PBXFrameworksBuildPhase;
			buildActionMask = 2147483647;
			files = (
				DEE50AFC2CF33E6A004E53C2 /* WWRoundedSegmentedControl in Frameworks */,
				F1E4F47B2CEA750C00A237AD /* Kingfisher in Frameworks */,
				F1A81B9D2CF22069004F3365 /* FirebaseAuth in Frameworks */,
				F1A81B9F2CF22069004F3365 /* FirebaseCore in Frameworks */,
				DEE511002CFB664F004E53C2 /* SkeletonView in Frameworks */,
				F1A81BA12CF22069004F3365 /* FirebaseFirestore in Frameworks */,
				F1912BE82CE7A33C00F90E9C /* SnapKit in Frameworks */,
				F1A81BB12CF35381004F3365 /* FirebaseDatabase in Frameworks */,
				F1A81BA32CF22069004F3365 /* FirebaseStorage in Frameworks */,
				F1C57A882CF69F4F00E954FB /* GoogleSignIn in Frameworks */,
			);
			runOnlyForDeploymentPostprocessing = 0;
		};
/* End PBXFrameworksBuildPhase section */

/* Begin PBXGroup section */
		F1912BC02CE7784500F90E9C = {
			isa = PBXGroup;
			children = (
				F1912BCB2CE7784500F90E9C /* EventHub */,
				F1912BCA2CE7784500F90E9C /* Products */,
			);
			sourceTree = "<group>";
		};
		F1912BCA2CE7784500F90E9C /* Products */ = {
			isa = PBXGroup;
			children = (
				F1912BC92CE7784500F90E9C /* EventHub.app */,
			);
			name = Products;
			sourceTree = "<group>";
		};
/* End PBXGroup section */

/* Begin PBXNativeTarget section */
		F1912BC82CE7784500F90E9C /* EventHub */ = {
			isa = PBXNativeTarget;
			buildConfigurationList = F1912BDC2CE7784700F90E9C /* Build configuration list for PBXNativeTarget "EventHub" */;
			buildPhases = (
				F1912BC52CE7784500F90E9C /* Sources */,
				F1912BC62CE7784500F90E9C /* Frameworks */,
				F1912BC72CE7784500F90E9C /* Resources */,
			);
			buildRules = (
			);
			dependencies = (
			);
			fileSystemSynchronizedGroups = (
				F1912BCB2CE7784500F90E9C /* EventHub */,
			);
			name = EventHub;
			packageProductDependencies = (
				F1912BE72CE7A33C00F90E9C /* SnapKit */,
				F1E4F47A2CEA750C00A237AD /* Kingfisher */,
				F1A81B9C2CF22069004F3365 /* FirebaseAuth */,
				F1A81B9E2CF22069004F3365 /* FirebaseCore */,
				F1A81BA02CF22069004F3365 /* FirebaseFirestore */,
				F1A81BA22CF22069004F3365 /* FirebaseStorage */,
				F1A81BB02CF35381004F3365 /* FirebaseDatabase */,
				DEE50AFB2CF33E6A004E53C2 /* WWRoundedSegmentedControl */,
				F1C57A872CF69F4F00E954FB /* GoogleSignIn */,
				DEE510FF2CFB664F004E53C2 /* SkeletonView */,
			);
			productName = EventHub;
			productReference = F1912BC92CE7784500F90E9C /* EventHub.app */;
			productType = "com.apple.product-type.application";
		};
/* End PBXNativeTarget section */

/* Begin PBXProject section */
		F1912BC12CE7784500F90E9C /* Project object */ = {
			isa = PBXProject;
			attributes = {
				BuildIndependentTargetsInParallel = 1;
				LastSwiftUpdateCheck = 1610;
				LastUpgradeCheck = 1610;
				TargetAttributes = {
					F1912BC82CE7784500F90E9C = {
						CreatedOnToolsVersion = 16.1;
					};
				};
			};
			buildConfigurationList = F1912BC42CE7784500F90E9C /* Build configuration list for PBXProject "EventHub" */;
			compatibilityVersion = "Xcode 15.0";
			developmentRegion = en;
			hasScannedForEncodings = 0;
			knownRegions = (
				en,
				Base,
			);
			mainGroup = F1912BC02CE7784500F90E9C;
			minimizedProjectReferenceProxies = 1;
			packageReferences = (
				F1912BE62CE7A33C00F90E9C /* XCRemoteSwiftPackageReference "SnapKit" */,
				F1E4F4792CEA750C00A237AD /* XCRemoteSwiftPackageReference "Kingfisher" */,
				F1A81B9B2CF22069004F3365 /* XCRemoteSwiftPackageReference "firebase-ios-sdk" */,
				DEE50AFA2CF33E6A004E53C2 /* XCRemoteSwiftPackageReference "WWRoundedSegmentedControl" */,
				F1C57A862CF69F4F00E954FB /* XCRemoteSwiftPackageReference "GoogleSignIn-iOS" */,
				DEE510FE2CFB664F004E53C2 /* XCRemoteSwiftPackageReference "SkeletonView" */,
			);
			productRefGroup = F1912BCA2CE7784500F90E9C /* Products */;
			projectDirPath = "";
			projectRoot = "";
			targets = (
				F1912BC82CE7784500F90E9C /* EventHub */,
			);
		};
/* End PBXProject section */

/* Begin PBXResourcesBuildPhase section */
		F1912BC72CE7784500F90E9C /* Resources */ = {
			isa = PBXResourcesBuildPhase;
			buildActionMask = 2147483647;
			files = (
			);
			runOnlyForDeploymentPostprocessing = 0;
		};
/* End PBXResourcesBuildPhase section */

/* Begin PBXSourcesBuildPhase section */
		F1912BC52CE7784500F90E9C /* Sources */ = {
			isa = PBXSourcesBuildPhase;
			buildActionMask = 2147483647;
			files = (
			);
			runOnlyForDeploymentPostprocessing = 0;
		};
/* End PBXSourcesBuildPhase section */

/* Begin XCBuildConfiguration section */
		F1912BDD2CE7784700F90E9C /* Debug */ = {
			isa = XCBuildConfiguration;
			buildSettings = {
				ASSETCATALOG_COMPILER_APPICON_NAME = AppIcon;
				ASSETCATALOG_COMPILER_GLOBAL_ACCENT_COLOR_NAME = AccentColor;
				CODE_SIGN_STYLE = Automatic;
				CURRENT_PROJECT_VERSION = 1;
				DEVELOPMENT_TEAM = 3V899K3TN7;
				GENERATE_INFOPLIST_FILE = YES;
				INFOPLIST_FILE = EventHub/Info.plist;
				INFOPLIST_KEY_CFBundleDisplayName = "Event Hub";
				INFOPLIST_KEY_UIApplicationSupportsIndirectInputEvents = YES;
				INFOPLIST_KEY_UILaunchStoryboardName = LaunchScreen;
				INFOPLIST_KEY_UISupportedInterfaceOrientations = UIInterfaceOrientationPortrait;
				IPHONEOS_DEPLOYMENT_TARGET = 15.6;
				LD_RUNPATH_SEARCH_PATHS = (
					"$(inherited)",
					"@executable_path/Frameworks",
				);
				MARKETING_VERSION = 1.0;
				PRODUCT_BUNDLE_IDENTIFIER = com.okuneu.EventHub;
				PRODUCT_NAME = "$(TARGET_NAME)";
				SUPPORTED_PLATFORMS = "iphoneos iphonesimulator";
				SUPPORTS_MACCATALYST = NO;
				SUPPORTS_MAC_DESIGNED_FOR_IPHONE_IPAD = NO;
				SUPPORTS_XR_DESIGNED_FOR_IPHONE_IPAD = NO;
				SWIFT_EMIT_LOC_STRINGS = YES;
				SWIFT_VERSION = 5.0;
				TARGETED_DEVICE_FAMILY = 1;
			};
			name = Debug;
		};
		F1912BDE2CE7784700F90E9C /* Release */ = {
			isa = XCBuildConfiguration;
			buildSettings = {
				ASSETCATALOG_COMPILER_APPICON_NAME = AppIcon;
				ASSETCATALOG_COMPILER_GLOBAL_ACCENT_COLOR_NAME = AccentColor;
				CODE_SIGN_STYLE = Automatic;
				CURRENT_PROJECT_VERSION = 1;
				DEVELOPMENT_TEAM = 3V899K3TN7;
				GENERATE_INFOPLIST_FILE = YES;
				INFOPLIST_FILE = EventHub/Info.plist;
				INFOPLIST_KEY_CFBundleDisplayName = "Event Hub";
				INFOPLIST_KEY_UIApplicationSupportsIndirectInputEvents = YES;
				INFOPLIST_KEY_UILaunchStoryboardName = LaunchScreen;
				INFOPLIST_KEY_UISupportedInterfaceOrientations = UIInterfaceOrientationPortrait;
				IPHONEOS_DEPLOYMENT_TARGET = 15.6;
				LD_RUNPATH_SEARCH_PATHS = (
					"$(inherited)",
					"@executable_path/Frameworks",
				);
				MARKETING_VERSION = 1.0;
				PRODUCT_BUNDLE_IDENTIFIER = com.okuneu.EventHub;
				PRODUCT_NAME = "$(TARGET_NAME)";
				SUPPORTED_PLATFORMS = "iphoneos iphonesimulator";
				SUPPORTS_MACCATALYST = NO;
				SUPPORTS_MAC_DESIGNED_FOR_IPHONE_IPAD = NO;
				SUPPORTS_XR_DESIGNED_FOR_IPHONE_IPAD = NO;
				SWIFT_EMIT_LOC_STRINGS = YES;
				SWIFT_VERSION = 5.0;
				TARGETED_DEVICE_FAMILY = 1;
			};
			name = Release;
		};
		F1912BDF2CE7784700F90E9C /* Debug */ = {
			isa = XCBuildConfiguration;
			buildSettings = {
				ALWAYS_SEARCH_USER_PATHS = NO;
				ASSETCATALOG_COMPILER_GENERATE_SWIFT_ASSET_SYMBOL_EXTENSIONS = YES;
				CLANG_ANALYZER_NONNULL = YES;
				CLANG_ANALYZER_NUMBER_OBJECT_CONVERSION = YES_AGGRESSIVE;
				CLANG_CXX_LANGUAGE_STANDARD = "gnu++20";
				CLANG_ENABLE_MODULES = YES;
				CLANG_ENABLE_OBJC_ARC = YES;
				CLANG_ENABLE_OBJC_WEAK = YES;
				CLANG_WARN_BLOCK_CAPTURE_AUTORELEASING = YES;
				CLANG_WARN_BOOL_CONVERSION = YES;
				CLANG_WARN_COMMA = YES;
				CLANG_WARN_CONSTANT_CONVERSION = YES;
				CLANG_WARN_DEPRECATED_OBJC_IMPLEMENTATIONS = YES;
				CLANG_WARN_DIRECT_OBJC_ISA_USAGE = YES_ERROR;
				CLANG_WARN_DOCUMENTATION_COMMENTS = YES;
				CLANG_WARN_EMPTY_BODY = YES;
				CLANG_WARN_ENUM_CONVERSION = YES;
				CLANG_WARN_INFINITE_RECURSION = YES;
				CLANG_WARN_INT_CONVERSION = YES;
				CLANG_WARN_NON_LITERAL_NULL_CONVERSION = YES;
				CLANG_WARN_OBJC_IMPLICIT_RETAIN_SELF = YES;
				CLANG_WARN_OBJC_LITERAL_CONVERSION = YES;
				CLANG_WARN_OBJC_ROOT_CLASS = YES_ERROR;
				CLANG_WARN_QUOTED_INCLUDE_IN_FRAMEWORK_HEADER = YES;
				CLANG_WARN_RANGE_LOOP_ANALYSIS = YES;
				CLANG_WARN_STRICT_PROTOTYPES = YES;
				CLANG_WARN_SUSPICIOUS_MOVE = YES;
				CLANG_WARN_UNGUARDED_AVAILABILITY = YES_AGGRESSIVE;
				CLANG_WARN_UNREACHABLE_CODE = YES;
				CLANG_WARN__DUPLICATE_METHOD_MATCH = YES;
				COPY_PHASE_STRIP = NO;
				DEBUG_INFORMATION_FORMAT = dwarf;
				ENABLE_STRICT_OBJC_MSGSEND = YES;
				ENABLE_TESTABILITY = YES;
				ENABLE_USER_SCRIPT_SANDBOXING = YES;
				GCC_C_LANGUAGE_STANDARD = gnu17;
				GCC_DYNAMIC_NO_PIC = NO;
				GCC_NO_COMMON_BLOCKS = YES;
				GCC_OPTIMIZATION_LEVEL = 0;
				GCC_PREPROCESSOR_DEFINITIONS = (
					"DEBUG=1",
					"$(inherited)",
				);
				GCC_WARN_64_TO_32_BIT_CONVERSION = YES;
				GCC_WARN_ABOUT_RETURN_TYPE = YES_ERROR;
				GCC_WARN_UNDECLARED_SELECTOR = YES;
				GCC_WARN_UNINITIALIZED_AUTOS = YES_AGGRESSIVE;
				GCC_WARN_UNUSED_FUNCTION = YES;
				GCC_WARN_UNUSED_VARIABLE = YES;
				IPHONEOS_DEPLOYMENT_TARGET = 18.1;
				LOCALIZATION_PREFERS_STRING_CATALOGS = YES;
				MTL_ENABLE_DEBUG_INFO = INCLUDE_SOURCE;
				MTL_FAST_MATH = YES;
				ONLY_ACTIVE_ARCH = YES;
				SDKROOT = iphoneos;
				SWIFT_ACTIVE_COMPILATION_CONDITIONS = "DEBUG $(inherited)";
				SWIFT_OPTIMIZATION_LEVEL = "-Onone";
			};
			name = Debug;
		};
		F1912BE02CE7784700F90E9C /* Release */ = {
			isa = XCBuildConfiguration;
			buildSettings = {
				ALWAYS_SEARCH_USER_PATHS = NO;
				ASSETCATALOG_COMPILER_GENERATE_SWIFT_ASSET_SYMBOL_EXTENSIONS = YES;
				CLANG_ANALYZER_NONNULL = YES;
				CLANG_ANALYZER_NUMBER_OBJECT_CONVERSION = YES_AGGRESSIVE;
				CLANG_CXX_LANGUAGE_STANDARD = "gnu++20";
				CLANG_ENABLE_MODULES = YES;
				CLANG_ENABLE_OBJC_ARC = YES;
				CLANG_ENABLE_OBJC_WEAK = YES;
				CLANG_WARN_BLOCK_CAPTURE_AUTORELEASING = YES;
				CLANG_WARN_BOOL_CONVERSION = YES;
				CLANG_WARN_COMMA = YES;
				CLANG_WARN_CONSTANT_CONVERSION = YES;
				CLANG_WARN_DEPRECATED_OBJC_IMPLEMENTATIONS = YES;
				CLANG_WARN_DIRECT_OBJC_ISA_USAGE = YES_ERROR;
				CLANG_WARN_DOCUMENTATION_COMMENTS = YES;
				CLANG_WARN_EMPTY_BODY = YES;
				CLANG_WARN_ENUM_CONVERSION = YES;
				CLANG_WARN_INFINITE_RECURSION = YES;
				CLANG_WARN_INT_CONVERSION = YES;
				CLANG_WARN_NON_LITERAL_NULL_CONVERSION = YES;
				CLANG_WARN_OBJC_IMPLICIT_RETAIN_SELF = YES;
				CLANG_WARN_OBJC_LITERAL_CONVERSION = YES;
				CLANG_WARN_OBJC_ROOT_CLASS = YES_ERROR;
				CLANG_WARN_QUOTED_INCLUDE_IN_FRAMEWORK_HEADER = YES;
				CLANG_WARN_RANGE_LOOP_ANALYSIS = YES;
				CLANG_WARN_STRICT_PROTOTYPES = YES;
				CLANG_WARN_SUSPICIOUS_MOVE = YES;
				CLANG_WARN_UNGUARDED_AVAILABILITY = YES_AGGRESSIVE;
				CLANG_WARN_UNREACHABLE_CODE = YES;
				CLANG_WARN__DUPLICATE_METHOD_MATCH = YES;
				COPY_PHASE_STRIP = NO;
				DEBUG_INFORMATION_FORMAT = "dwarf-with-dsym";
				ENABLE_NS_ASSERTIONS = NO;
				ENABLE_STRICT_OBJC_MSGSEND = YES;
				ENABLE_USER_SCRIPT_SANDBOXING = YES;
				GCC_C_LANGUAGE_STANDARD = gnu17;
				GCC_NO_COMMON_BLOCKS = YES;
				GCC_WARN_64_TO_32_BIT_CONVERSION = YES;
				GCC_WARN_ABOUT_RETURN_TYPE = YES_ERROR;
				GCC_WARN_UNDECLARED_SELECTOR = YES;
				GCC_WARN_UNINITIALIZED_AUTOS = YES_AGGRESSIVE;
				GCC_WARN_UNUSED_FUNCTION = YES;
				GCC_WARN_UNUSED_VARIABLE = YES;
				IPHONEOS_DEPLOYMENT_TARGET = 18.1;
				LOCALIZATION_PREFERS_STRING_CATALOGS = YES;
				MTL_ENABLE_DEBUG_INFO = NO;
				MTL_FAST_MATH = YES;
				SDKROOT = iphoneos;
				SWIFT_COMPILATION_MODE = wholemodule;
				VALIDATE_PRODUCT = YES;
			};
			name = Release;
		};
/* End XCBuildConfiguration section */

/* Begin XCConfigurationList section */
		F1912BC42CE7784500F90E9C /* Build configuration list for PBXProject "EventHub" */ = {
			isa = XCConfigurationList;
			buildConfigurations = (
				F1912BDF2CE7784700F90E9C /* Debug */,
				F1912BE02CE7784700F90E9C /* Release */,
			);
			defaultConfigurationIsVisible = 0;
			defaultConfigurationName = Release;
		};
		F1912BDC2CE7784700F90E9C /* Build configuration list for PBXNativeTarget "EventHub" */ = {
			isa = XCConfigurationList;
			buildConfigurations = (
				F1912BDD2CE7784700F90E9C /* Debug */,
				F1912BDE2CE7784700F90E9C /* Release */,
			);
			defaultConfigurationIsVisible = 0;
			defaultConfigurationName = Release;
		};
/* End XCConfigurationList section */

/* Begin XCRemoteSwiftPackageReference section */
		DEE50AFA2CF33E6A004E53C2 /* XCRemoteSwiftPackageReference "WWRoundedSegmentedControl" */ = {
			isa = XCRemoteSwiftPackageReference;
			repositoryURL = "https://github.com/William-Weng/WWRoundedSegmentedControl.git";
			requirement = {
				kind = upToNextMajorVersion;
				minimumVersion = 1.1.0;
			};
		};
		DEE510FE2CFB664F004E53C2 /* XCRemoteSwiftPackageReference "SkeletonView" */ = {
			isa = XCRemoteSwiftPackageReference;
			repositoryURL = "https://github.com/Juanpe/SkeletonView";
			requirement = {
				kind = upToNextMajorVersion;
				minimumVersion = 1.31.0;
			};
		};
		F1912BE62CE7A33C00F90E9C /* XCRemoteSwiftPackageReference "SnapKit" */ = {
			isa = XCRemoteSwiftPackageReference;
			repositoryURL = "https://github.com/SnapKit/SnapKit.git";
			requirement = {
				kind = upToNextMajorVersion;
				minimumVersion = 5.7.1;
			};
		};
		F1A81B9B2CF22069004F3365 /* XCRemoteSwiftPackageReference "firebase-ios-sdk" */ = {
			isa = XCRemoteSwiftPackageReference;
			repositoryURL = "https://github.com/firebase/firebase-ios-sdk";
			requirement = {
				kind = upToNextMajorVersion;
				minimumVersion = 11.5.0;
			};
		};
		F1C57A862CF69F4F00E954FB /* XCRemoteSwiftPackageReference "GoogleSignIn-iOS" */ = {
			isa = XCRemoteSwiftPackageReference;
			repositoryURL = "https://github.com/google/GoogleSignIn-iOS";
			requirement = {
				kind = upToNextMajorVersion;
				minimumVersion = 8.0.0;
			};
		};
		F1E4F4792CEA750C00A237AD /* XCRemoteSwiftPackageReference "Kingfisher" */ = {
			isa = XCRemoteSwiftPackageReference;
			repositoryURL = "https://github.com/onevcat/Kingfisher.git";
			requirement = {
				kind = upToNextMajorVersion;
				minimumVersion = 8.1.0;
			};
		};
/* End XCRemoteSwiftPackageReference section */

/* Begin XCSwiftPackageProductDependency section */
		DEE50AFB2CF33E6A004E53C2 /* WWRoundedSegmentedControl */ = {
			isa = XCSwiftPackageProductDependency;
			package = DEE50AFA2CF33E6A004E53C2 /* XCRemoteSwiftPackageReference "WWRoundedSegmentedControl" */;
			productName = WWRoundedSegmentedControl;
		};
		DEE510FF2CFB664F004E53C2 /* SkeletonView */ = {
			isa = XCSwiftPackageProductDependency;
			package = DEE510FE2CFB664F004E53C2 /* XCRemoteSwiftPackageReference "SkeletonView" */;
			productName = SkeletonView;
		};
		F1912BE72CE7A33C00F90E9C /* SnapKit */ = {
			isa = XCSwiftPackageProductDependency;
			package = F1912BE62CE7A33C00F90E9C /* XCRemoteSwiftPackageReference "SnapKit" */;
			productName = SnapKit;
		};
		F1A81B9C2CF22069004F3365 /* FirebaseAuth */ = {
			isa = XCSwiftPackageProductDependency;
			package = F1A81B9B2CF22069004F3365 /* XCRemoteSwiftPackageReference "firebase-ios-sdk" */;
			productName = FirebaseAuth;
		};
		F1A81B9E2CF22069004F3365 /* FirebaseCore */ = {
			isa = XCSwiftPackageProductDependency;
			package = F1A81B9B2CF22069004F3365 /* XCRemoteSwiftPackageReference "firebase-ios-sdk" */;
			productName = FirebaseCore;
		};
		F1A81BA02CF22069004F3365 /* FirebaseFirestore */ = {
			isa = XCSwiftPackageProductDependency;
			package = F1A81B9B2CF22069004F3365 /* XCRemoteSwiftPackageReference "firebase-ios-sdk" */;
			productName = FirebaseFirestore;
		};
		F1A81BA22CF22069004F3365 /* FirebaseStorage */ = {
			isa = XCSwiftPackageProductDependency;
			package = F1A81B9B2CF22069004F3365 /* XCRemoteSwiftPackageReference "firebase-ios-sdk" */;
			productName = FirebaseStorage;
		};
		F1A81BB02CF35381004F3365 /* FirebaseDatabase */ = {
			isa = XCSwiftPackageProductDependency;
			package = F1A81B9B2CF22069004F3365 /* XCRemoteSwiftPackageReference "firebase-ios-sdk" */;
			productName = FirebaseDatabase;
		};
		F1C57A872CF69F4F00E954FB /* GoogleSignIn */ = {
			isa = XCSwiftPackageProductDependency;
			package = F1C57A862CF69F4F00E954FB /* XCRemoteSwiftPackageReference "GoogleSignIn-iOS" */;
			productName = GoogleSignIn;
		};
		F1E4F47A2CEA750C00A237AD /* Kingfisher */ = {
			isa = XCSwiftPackageProductDependency;
			package = F1E4F4792CEA750C00A237AD /* XCRemoteSwiftPackageReference "Kingfisher" */;
			productName = Kingfisher;
		};
/* End XCSwiftPackageProductDependency section */
	};
	rootObject = F1912BC12CE7784500F90E9C /* Project object */;
}
