{
  "originHash" : "217a16eb6cf3b2aea0b6adbf25c6ac41dc2365cb5ad6129535c89057c10f4363",
  "pins" : [
    {
      "identity" : "kingfisher",
      "kind" : "remoteSourceControl",
      "location" : "https://github.com/onevcat/Kingfisher.git",
      "state" : {
        "revision" : "c0940e241945e6378c01fbd45fd3815579d47ef5",
        "version" : "8.1.0"
      }
    },
    {
      "identity" : "snapkit",
      "kind" : "remoteSourceControl",
      "location" : "https://github.com/SnapKit/SnapKit.git",
      "state" : {
        "revision" : "2842e6e84e82eb9a8dac0100ca90d9444b0307f4",
        "version" : "5.7.1"
      }
    },
    {
      "identity" : "wwroundedsegmentedcontrol",
      "kind" : "remoteSourceControl",
      "location" : "https://github.com/William-Weng/WWRoundedSegmentedControl.git",
      "state" : {
        "revision" : "792358885ca951ea6ec7ec6b6aa4ea09d2bdb008",
        "version" : "1.1.0"
      }
    }
  ],
  "version" : 3
}
